
Microsoft Visual Studio Solution File, Format Version 12.00
# Visual Studio Version 17
VisualStudioVersion = 17.14.37012.4
MinimumVisualStudioVersion = 10.0.40219.1
Project("{FAE04EC0-301F-11D3-BF4B-00C04F79EFBC}") = "Kitchen.Api", "Kitchen.Api\Kitchen.Api.csproj", "{4F62106E-529F-449F-BB64-D79FD0232466}"
EndProject
Project("{FAE04EC0-301F-11D3-BF4B-00C04F79EFBC}") = "Kitchen.Tests.Unit", "Kitchen.Tests.Unit\Kitchen.Tests.Unit.csproj", "{981855B7-3528-459C-ADF2-5CB1A590F90D}"
EndProject
Project("{FAE04EC0-301F-11D3-BF4B-00C04F79EFBC}") = "Kitchen.Core", "Kichen.Core\Kitchen.Core.csproj", "{B458FB0C-004F-4BB0-AD42-E235B86125BC}"
EndProject
Project("{FAE04EC0-301F-11D3-BF4B-00C04F79EFBC}") = "Kitchen.Application", "Kitchen.Application\Kitchen.Application.csproj", "{F1E4E504-1A10-4E8F-996A-8BEEE296B4D0}"
EndProject
Project("{FAE04EC0-301F-11D3-BF4B-00C04F79EFBC}") = "Kitchen.Infrastructure", "Kitchen.Infrastructure\Kitchen.Infrastructure.csproj", "{006AE9CD-0565-4238-86C3-62E37ECD0D57}"
EndProject
Project("{FAE04EC0-301F-11D3-BF4B-00C04F79EFBC}") = "Private", "Private\Private.csproj", "{A1BF096A-2AD9-46D3-8B7D-FC8C1C08F0A6}"
EndProject
Project("{2150E333-8FDC-42A3-9474-1A3956D46DE8}") = "Solutions Items", "Solutions Items", "{8FB176BD-0036-D269-15EA-F86E90622887}"
	ProjectSection(SolutionItems) = preProject
		README.md = README.md
		ReleaseNotes.md = ReleaseNotes.md
	EndProjectSection
EndProject
Global
	GlobalSection(SolutionConfigurationPlatforms) = preSolution
		Debug|Any CPU = Debug|Any CPU
		Release|Any CPU = Release|Any CPU
	EndGlobalSection
	GlobalSection(ProjectConfigurationPlatforms) = postSolution
		{4F62106E-529F-449F-BB64-D79FD0232466}.Debug|Any CPU.ActiveCfg = Debug|Any CPU
		{4F62106E-529F-449F-BB64-D79FD0232466}.Debug|Any CPU.Build.0 = Debug|Any CPU
		{4F62106E-529F-449F-BB64-D79FD0232466}.Release|Any CPU.ActiveCfg = Release|Any CPU
		{4F62106E-529F-449F-BB64-D79FD0232466}.Release|Any CPU.Build.0 = Release|Any CPU
		{981855B7-3528-459C-ADF2-5CB1A590F90D}.Debug|Any CPU.ActiveCfg = Debug|Any CPU
		{981855B7-3528-459C-ADF2-5CB1A590F90D}.Debug|Any CPU.Build.0 = Debug|Any CPU
		{981855B7-3528-459C-ADF2-5CB1A590F90D}.Release|Any CPU.ActiveCfg = Release|Any CPU
		{981855B7-3528-459C-ADF2-5CB1A590F90D}.Release|Any CPU.Build.0 = Release|Any CPU
		{B458FB0C-004F-4BB0-AD42-E235B86125BC}.Debug|Any CPU.ActiveCfg = Debug|Any CPU
		{B458FB0C-004F-4BB0-AD42-E235B86125BC}.Debug|Any CPU.Build.0 = Debug|Any CPU
		{B458FB0C-004F-4BB0-AD42-E235B86125BC}.Release|Any CPU.ActiveCfg = Release|Any CPU
		{B458FB0C-004F-4BB0-AD42-E235B86125BC}.Release|Any CPU.Build.0 = Release|Any CPU
		{F1E4E504-1A10-4E8F-996A-8BEEE296B4D0}.Debug|Any CPU.ActiveCfg = Debug|Any CPU
		{F1E4E504-1A10-4E8F-996A-8BEEE296B4D0}.Debug|Any CPU.Build.0 = Debug|Any CPU
		{F1E4E504-1A10-4E8F-996A-8BEEE296B4D0}.Release|Any CPU.ActiveCfg = Release|Any CPU
		{F1E4E504-1A10-4E8F-996A-8BEEE296B4D0}.Release|Any CPU.Build.0 = Release|Any CPU
		{006AE9CD-0565-4238-86C3-62E37ECD0D57}.Debug|Any CPU.ActiveCfg = Debug|Any CPU
		{006AE9CD-0565-4238-86C3-62E37ECD0D57}.Debug|Any CPU.Build.0 = Debug|Any CPU
		{006AE9CD-0565-4238-86C3-62E37ECD0D57}.Release|Any CPU.ActiveCfg = Release|Any CPU
		{006AE9CD-0565-4238-86C3-62E37ECD0D57}.Release|Any CPU.Build.0 = Release|Any CPU
		{A1BF096A-2AD9-46D3-8B7D-FC8C1C08F0A6}.Debug|Any CPU.ActiveCfg = Debug|Any CPU
		{A1BF096A-2AD9-46D3-8B7D-FC8C1C08F0A6}.Debug|Any CPU.Build.0 = Debug|Any CPU
		{A1BF096A-2AD9-46D3-8B7D-FC8C1C08F0A6}.Release|Any CPU.ActiveCfg = Release|Any CPU
		{A1BF096A-2AD9-46D3-8B7D-FC8C1C08F0A6}.Release|Any CPU.Build.0 = Release|Any CPU
	EndGlobalSection
	GlobalSection(SolutionProperties) = preSolution
		HideSolutionNode = FALSE
	EndGlobalSection
	GlobalSection(ExtensibilityGlobals) = postSolution
		SolutionGuid = {5ED4B6CB-A9CF-41E5-81D4-AA82B0A03F71}
	EndGlobalSection
EndGlobal
